
Microsoft Visual Studio Solution File, Format Version 12.00
# Visual Studio Version 17
VisualStudioVersion = 17.9.34723.18
MinimumVisualStudioVersion = 10.0.40219.1
Project("{FAE04EC0-301F-11D3-BF4B-00C04F79EFBC}") = "EnigmaSim", "EnigmaSim\EnigmaSim.csproj", "{24023286-E538-4DBB-A0A4-C5477466B676}"
EndProject
Project("{FAE04EC0-301F-11D3-BF4B-00C04F79EFBC}") = "EnigmaWindowsForms", "EnigmaWindowsForms\EnigmaWindowsForms.csproj", "{4A98D197-16B1-44F0-9078-1E1D1ED3C0C3}"
EndProject
Global
	GlobalSection(SolutionConfigurationPlatforms) = preSolution
		Debug|Any CPU = Debug|Any CPU
		Release|Any CPU = Release|Any CPU
	EndGlobalSection
	GlobalSection(ProjectConfigurationPlatforms) = postSolution
		{24023286-E538-4DBB-A0A4-C5477466B676}.Debug|Any CPU.ActiveCfg = Debug|Any CPU
		{24023286-E538-4DBB-A0A4-C5477466B676}.Debug|Any CPU.Build.0 = Debug|Any CPU
		{24023286-E538-4DBB-A0A4-C5477466B676}.Release|Any CPU.ActiveCfg = Release|Any CPU
		{24023286-E538-4DBB-A0A4-C5477466B676}.Release|Any CPU.Build.0 = Release|Any CPU
		{4A98D197-16B1-44F0-9078-1E1D1ED3C0C3}.Debug|Any CPU.ActiveCfg = Debug|Any CPU
		{4A98D197-16B1-44F0-9078-1E1D1ED3C0C3}.Debug|Any CPU.Build.0 = Debug|Any CPU
		{4A98D197-16B1-44F0-9078-1E1D1ED3C0C3}.Release|Any CPU.ActiveCfg = Release|Any CPU
		{4A98D197-16B1-44F0-9078-1E1D1ED3C0C3}.Release|Any CPU.Build.0 = Release|Any CPU
	EndGlobalSection
	GlobalSection(SolutionProperties) = preSolution
		HideSolutionNode = FALSE
	EndGlobalSection
	GlobalSection(ExtensibilityGlobals) = postSolution
		SolutionGuid = {56CF55F7-C2A9-491C-A78F-67958EDADAF9}
	EndGlobalSection
EndGlobal
